
Microsoft Visual Studio Solution File, Format Version 12.00
# Visual Studio Version 16
VisualStudioVersion = 16.0.31112.23
MinimumVisualStudioVersion = 10.0.40219.1
Project("{9A19103F-16F7-4668-BE54-9A1E7A4F7556}") = "Salão Model", "Salão Model.csproj", "{8987963C-87E8-4EF9-88B1-FA7F282269C2}"
EndProject
Project("{FAE04EC0-301F-11D3-BF4B-00C04F79EFBC}") = "UnitTestService", "..\UnitTestService\UnitTestService.csproj", "{E7EAA147-A792-45FC-A535-45F1D240D5A2}"
EndProject
Global
	GlobalSection(SolutionConfigurationPlatforms) = preSolution
		Debug|Any CPU = Debug|Any CPU
		Release|Any CPU = Release|Any CPU
	EndGlobalSection
	GlobalSection(ProjectConfigurationPlatforms) = postSolution
		{8987963C-87E8-4EF9-88B1-FA7F282269C2}.Debug|Any CPU.ActiveCfg = Debug|Any CPU
		{8987963C-87E8-4EF9-88B1-FA7F282269C2}.Debug|Any CPU.Build.0 = Debug|Any CPU
		{8987963C-87E8-4EF9-88B1-FA7F282269C2}.Release|Any CPU.ActiveCfg = Release|Any CPU
		{8987963C-87E8-4EF9-88B1-FA7F282269C2}.Release|Any CPU.Build.0 = Release|Any CPU
		{E7EAA147-A792-45FC-A535-45F1D240D5A2}.Debug|Any CPU.ActiveCfg = Debug|Any CPU
		{E7EAA147-A792-45FC-A535-45F1D240D5A2}.Debug|Any CPU.Build.0 = Debug|Any CPU
		{E7EAA147-A792-45FC-A535-45F1D240D5A2}.Release|Any CPU.ActiveCfg = Release|Any CPU
		{E7EAA147-A792-45FC-A535-45F1D240D5A2}.Release|Any CPU.Build.0 = Release|Any CPU
	EndGlobalSection
	GlobalSection(SolutionProperties) = preSolution
		HideSolutionNode = FALSE
	EndGlobalSection
	GlobalSection(ExtensibilityGlobals) = postSolution
		SolutionGuid = {2DEFC0AD-6276-4634-ACE0-FBC7D442EDB8}
	EndGlobalSection
EndGlobal
